
Microsoft Visual Studio Solution File, Format Version 12.00
# Visual Studio 14
VisualStudioVersion = 14.0.25420.1
MinimumVisualStudioVersion = 10.0.40219.1
Project("{FAE04EC0-301F-11D3-BF4B-00C04F79EFBC}") = "OracleImpdp", "OracleImpdp\OracleImpdp.csproj", "{331228CF-1A3E-486F-8F68-AA7BF9A00D03}"
EndProject
Project("{FAE04EC0-301F-11D3-BF4B-00C04F79EFBC}") = "OracleExpdp", "OracleExpdp\OracleExpdp.csproj", "{BBF4C4A9-920E-4A96-9CD9-6F129CB94A51}"
EndProject
Global
	GlobalSection(SolutionConfigurationPlatforms) = preSolution
		Debug|Any CPU = Debug|Any CPU
		Release|Any CPU = Release|Any CPU
	EndGlobalSection
	GlobalSection(ProjectConfigurationPlatforms) = postSolution
		{331228CF-1A3E-486F-8F68-AA7BF9A00D03}.Debug|Any CPU.ActiveCfg = Debug|Any CPU
		{331228CF-1A3E-486F-8F68-AA7BF9A00D03}.Debug|Any CPU.Build.0 = Debug|Any CPU
		{331228CF-1A3E-486F-8F68-AA7BF9A00D03}.Release|Any CPU.ActiveCfg = Release|Any CPU
		{331228CF-1A3E-486F-8F68-AA7BF9A00D03}.Release|Any CPU.Build.0 = Release|Any CPU
		{BBF4C4A9-920E-4A96-9CD9-6F129CB94A51}.Debug|Any CPU.ActiveCfg = Debug|Any CPU
		{BBF4C4A9-920E-4A96-9CD9-6F129CB94A51}.Debug|Any CPU.Build.0 = Debug|Any CPU
		{BBF4C4A9-920E-4A96-9CD9-6F129CB94A51}.Release|Any CPU.ActiveCfg = Release|Any CPU
		{BBF4C4A9-920E-4A96-9CD9-6F129CB94A51}.Release|Any CPU.Build.0 = Release|Any CPU
	EndGlobalSection
	GlobalSection(SolutionProperties) = preSolution
		HideSolutionNode = FALSE
	EndGlobalSection
EndGlobal
